{
    "name": "dialogr",
    "version": "1.0.17",
    "lockfileVersion": 3,
    "requires": true,
    "packages": {
        "": {
            "name": "dialogr",
            "version": "1.0.17",
            "devDependencies": {
                "@dialogforge/core": "file:../DialogForge/dist/sdk/core"
            }
        },
        "../DialogForge/dist/sdk/core": {
            "version": "0.0.0",
            "dev": true
        },
        "node_modules/@dialogforge/core": {
            "resolved": "../DialogForge/dist/sdk/core",
            "link": true
        }
    }
}
